
Microsoft Visual Studio Solution File, Format Version 12.00
# Visual Studio 15
Project("{FAE04EC0-301F-11D3-BF4B-00C04F79EFBC}") = "PhotonUnityNetworking.Demos", "PhotonUnityNetworking.Demos.csproj", "{EE0EADB9-C781-6837-BE02-0B4024D4F3DC}"
EndProject
Project("{FAE04EC0-301F-11D3-BF4B-00C04F79EFBC}") = "PhotonUnityNetworking.Utilities", "PhotonUnityNetworking.Utilities.csproj", "{CC82B803-8F8E-1C5F-F8B1-5BA4141897C6}"
EndProject
Project("{FAE04EC0-301F-11D3-BF4B-00C04F79EFBC}") = "Assembly-CSharp", "Assembly-CSharp.csproj", "{81558CFD-C236-D529-AA25-80B1523C75D4}"
EndProject
Project("{FAE04EC0-301F-11D3-BF4B-00C04F79EFBC}") = "PhotonChat", "PhotonChat.csproj", "{55E7BDF4-0AC0-80DC-3140-2ED4B12094C6}"
EndProject
Project("{FAE04EC0-301F-11D3-BF4B-00C04F79EFBC}") = "PhotonUnityNetworking", "PhotonUnityNetworking.csproj", "{DF1D3EC2-3EFA-D7C6-D2DA-EA1DF8A05385}"
EndProject
Project("{FAE04EC0-301F-11D3-BF4B-00C04F79EFBC}") = "PhotonRealtime", "PhotonRealtime.csproj", "{A667807E-F70D-BF5A-B2AD-BF0CD0C22791}"
EndProject
Project("{FAE04EC0-301F-11D3-BF4B-00C04F79EFBC}") = "PhotonWebSocket", "PhotonWebSocket.csproj", "{5B0F9DBA-877B-BA47-86DD-E7C808903DE6}"
EndProject
Project("{FAE04EC0-301F-11D3-BF4B-00C04F79EFBC}") = "PhotonUnityNetworking.Editor", "PhotonUnityNetworking.Editor.csproj", "{4BD46ED2-31A9-E7D8-9F88-CD4471CB5AC7}"
EndProject
Project("{FAE04EC0-301F-11D3-BF4B-00C04F79EFBC}") = "PunDemos.DemoHubEditor", "PunDemos.DemoHubEditor.csproj", "{EBB2B69D-4BDF-0EDA-C8A0-86777B40BBDC}"
EndProject
Project("{FAE04EC0-301F-11D3-BF4B-00C04F79EFBC}") = "PhotonUnityNetworking.Utilities.PhotonPlayer.Editor", "PhotonUnityNetworking.Utilities.PhotonPlayer.Editor.csproj", "{9F0F8835-0FE6-ED22-CD22-FFEA0DF055A7}"
EndProject
Project("{FAE04EC0-301F-11D3-BF4B-00C04F79EFBC}") = "PhotonUnityNetworking.Utilities.Culling.Editor", "PhotonUnityNetworking.Utilities.Culling.Editor.csproj", "{705BAA00-93FE-0108-B723-6482C0DDE191}"
EndProject
Project("{FAE04EC0-301F-11D3-BF4B-00C04F79EFBC}") = "PunDemos.DemoSlotcarEditor", "PunDemos.DemoSlotcarEditor.csproj", "{40EFF619-1A28-D4E2-337E-8E83F4C86024}"
EndProject
Global
	GlobalSection(SolutionConfigurationPlatforms) = preSolution
		Debug|Any CPU = Debug|Any CPU
		Release|Any CPU = Release|Any CPU
	EndGlobalSection
	GlobalSection(ProjectConfigurationPlatforms) = postSolution
		{EE0EADB9-C781-6837-BE02-0B4024D4F3DC}.Debug|Any CPU.ActiveCfg = Debug|Any CPU
		{EE0EADB9-C781-6837-BE02-0B4024D4F3DC}.Debug|Any CPU.Build.0 = Debug|Any CPU
		{EE0EADB9-C781-6837-BE02-0B4024D4F3DC}.Release|Any CPU.ActiveCfg = Release|Any CPU
		{EE0EADB9-C781-6837-BE02-0B4024D4F3DC}.Release|Any CPU.Build.0 = Release|Any CPU
		{CC82B803-8F8E-1C5F-F8B1-5BA4141897C6}.Debug|Any CPU.ActiveCfg = Debug|Any CPU
		{CC82B803-8F8E-1C5F-F8B1-5BA4141897C6}.Debug|Any CPU.Build.0 = Debug|Any CPU
		{CC82B803-8F8E-1C5F-F8B1-5BA4141897C6}.Release|Any CPU.ActiveCfg = Release|Any CPU
		{CC82B803-8F8E-1C5F-F8B1-5BA4141897C6}.Release|Any CPU.Build.0 = Release|Any CPU
		{81558CFD-C236-D529-AA25-80B1523C75D4}.Debug|Any CPU.ActiveCfg = Debug|Any CPU
		{81558CFD-C236-D529-AA25-80B1523C75D4}.Debug|Any CPU.Build.0 = Debug|Any CPU
		{81558CFD-C236-D529-AA25-80B1523C75D4}.Release|Any CPU.ActiveCfg = Release|Any CPU
		{81558CFD-C236-D529-AA25-80B1523C75D4}.Release|Any CPU.Build.0 = Release|Any CPU
		{55E7BDF4-0AC0-80DC-3140-2ED4B12094C6}.Debug|Any CPU.ActiveCfg = Debug|Any CPU
		{55E7BDF4-0AC0-80DC-3140-2ED4B12094C6}.Debug|Any CPU.Build.0 = Debug|Any CPU
		{55E7BDF4-0AC0-80DC-3140-2ED4B12094C6}.Release|Any CPU.ActiveCfg = Release|Any CPU
		{55E7BDF4-0AC0-80DC-3140-2ED4B12094C6}.Release|Any CPU.Build.0 = Release|Any CPU
		{DF1D3EC2-3EFA-D7C6-D2DA-EA1DF8A05385}.Debug|Any CPU.ActiveCfg = Debug|Any CPU
		{DF1D3EC2-3EFA-D7C6-D2DA-EA1DF8A05385}.Debug|Any CPU.Build.0 = Debug|Any CPU
		{DF1D3EC2-3EFA-D7C6-D2DA-EA1DF8A05385}.Release|Any CPU.ActiveCfg = Release|Any CPU
		{DF1D3EC2-3EFA-D7C6-D2DA-EA1DF8A05385}.Release|Any CPU.Build.0 = Release|Any CPU
		{A667807E-F70D-BF5A-B2AD-BF0CD0C22791}.Debug|Any CPU.ActiveCfg = Debug|Any CPU
		{A667807E-F70D-BF5A-B2AD-BF0CD0C22791}.Debug|Any CPU.Build.0 = Debug|Any CPU
		{A667807E-F70D-BF5A-B2AD-BF0CD0C22791}.Release|Any CPU.ActiveCfg = Release|Any CPU
		{A667807E-F70D-BF5A-B2AD-BF0CD0C22791}.Release|Any CPU.Build.0 = Release|Any CPU
		{5B0F9DBA-877B-BA47-86DD-E7C808903DE6}.Debug|Any CPU.ActiveCfg = Debug|Any CPU
		{5B0F9DBA-877B-BA47-86DD-E7C808903DE6}.Debug|Any CPU.Build.0 = Debug|Any CPU
		{5B0F9DBA-877B-BA47-86DD-E7C808903DE6}.Release|Any CPU.ActiveCfg = Release|Any CPU
		{5B0F9DBA-877B-BA47-86DD-E7C808903DE6}.Release|Any CPU.Build.0 = Release|Any CPU
		{4BD46ED2-31A9-E7D8-9F88-CD4471CB5AC7}.Debug|Any CPU.ActiveCfg = Debug|Any CPU
		{4BD46ED2-31A9-E7D8-9F88-CD4471CB5AC7}.Debug|Any CPU.Build.0 = Debug|Any CPU
		{4BD46ED2-31A9-E7D8-9F88-CD4471CB5AC7}.Release|Any CPU.ActiveCfg = Release|Any CPU
		{4BD46ED2-31A9-E7D8-9F88-CD4471CB5AC7}.Release|Any CPU.Build.0 = Release|Any CPU
		{EBB2B69D-4BDF-0EDA-C8A0-86777B40BBDC}.Debug|Any CPU.ActiveCfg = Debug|Any CPU
		{EBB2B69D-4BDF-0EDA-C8A0-86777B40BBDC}.Debug|Any CPU.Build.0 = Debug|Any CPU
		{EBB2B69D-4BDF-0EDA-C8A0-86777B40BBDC}.Release|Any CPU.ActiveCfg = Release|Any CPU
		{EBB2B69D-4BDF-0EDA-C8A0-86777B40BBDC}.Release|Any CPU.Build.0 = Release|Any CPU
		{9F0F8835-0FE6-ED22-CD22-FFEA0DF055A7}.Debug|Any CPU.ActiveCfg = Debug|Any CPU
		{9F0F8835-0FE6-ED22-CD22-FFEA0DF055A7}.Debug|Any CPU.Build.0 = Debug|Any CPU
		{9F0F8835-0FE6-ED22-CD22-FFEA0DF055A7}.Release|Any CPU.ActiveCfg = Release|Any CPU
		{9F0F8835-0FE6-ED22-CD22-FFEA0DF055A7}.Release|Any CPU.Build.0 = Release|Any CPU
		{705BAA00-93FE-0108-B723-6482C0DDE191}.Debug|Any CPU.ActiveCfg = Debug|Any CPU
		{705BAA00-93FE-0108-B723-6482C0DDE191}.Debug|Any CPU.Build.0 = Debug|Any CPU
		{705BAA00-93FE-0108-B723-6482C0DDE191}.Release|Any CPU.ActiveCfg = Release|Any CPU
		{705BAA00-93FE-0108-B723-6482C0DDE191}.Release|Any CPU.Build.0 = Release|Any CPU
		{40EFF619-1A28-D4E2-337E-8E83F4C86024}.Debug|Any CPU.ActiveCfg = Debug|Any CPU
		{40EFF619-1A28-D4E2-337E-8E83F4C86024}.Debug|Any CPU.Build.0 = Debug|Any CPU
		{40EFF619-1A28-D4E2-337E-8E83F4C86024}.Release|Any CPU.ActiveCfg = Release|Any CPU
		{40EFF619-1A28-D4E2-337E-8E83F4C86024}.Release|Any CPU.Build.0 = Release|Any CPU
	EndGlobalSection
	GlobalSection(SolutionProperties) = preSolution
		HideSolutionNode = FALSE
	EndGlobalSection
EndGlobal
